// !$*UTF8*$!
{
	archiveVersion = 1;
	classes = {
	};
	objectVersion = 46;
	objects = {

/* Begin PBXBuildFile section */
		00B5235218861CD200E106B7 /* Foundation.framework in Frameworks */ = {isa = PBXBuildFile; fileRef = 00B5235118861CD200E106B7 /* Foundation.framework */; };
		00B5235418861CD200E106B7 /* CoreGraphics.framework in Frameworks */ = {isa = PBXBuildFile; fileRef = 00B5235318861CD200E106B7 /* CoreGraphics.framework */; };
		00B5235618861CD200E106B7 /* UIKit.framework in Frameworks */ = {isa = PBXBuildFile; fileRef = 00B5235518861CD200E106B7 /* UIKit.framework */; };
		00B5235C18861CD200E106B7 /* InfoPlist.strings in Resources */ = {isa = PBXBuildFile; fileRef = 00B5235A18861CD200E106B7 /* InfoPlist.strings */; };
		00B5235E18861CD200E106B7 /* main.m in Sources */ = {isa = PBXBuildFile; fileRef = 00B5235D18861CD200E106B7 /* main.m */; };
		00B5236218861CD200E106B7 /* AppDelegate.m in Sources */ = {isa = PBXBuildFile; fileRef = 00B5236118861CD200E106B7 /* AppDelegate.m */; };
		00B5236518861CD200E106B7 /* Main.storyboard in Resources */ = {isa = PBXBuildFile; fileRef = 00B5236318861CD200E106B7 /* Main.storyboard */; };
		00B5236818861CD200E106B7 /* ViewController.m in Sources */ = {isa = PBXBuildFile; fileRef = 00B5236718861CD200E106B7 /* ViewController.m */; };
		00B5236A18861CD200E106B7 /* Images.xcassets in Resources */ = {isa = PBXBuildFile; fileRef = 00B5236918861CD200E106B7 /* Images.xcassets */; };
		00B5237118861CD200E106B7 /* XCTest.framework in Frameworks */ = {isa = PBXBuildFile; fileRef = 00B5237018861CD200E106B7 /* XCTest.framework */; };
		00B5237218861CD200E106B7 /* Foundation.framework in Frameworks */ = {isa = PBXBuildFile; fileRef = 00B5235118861CD200E106B7 /* Foundation.framework */; };
		00B5237318861CD200E106B7 /* UIKit.framework in Frameworks */ = {isa = PBXBuildFile; fileRef = 00B5235518861CD200E106B7 /* UIKit.framework */; };
		00B5237B18861CD200E106B7 /* InfoPlist.strings in Resources */ = {isa = PBXBuildFile; fileRef = 00B5237918861CD200E106B7 /* InfoPlist.strings */; };
		00B5237D18861CD200E106B7 /* ProjectTests.m in Sources */ = {isa = PBXBuildFile; fileRef = 00B5237C18861CD200E106B7 /* ProjectTests.m */; };
		00B523CC18876A4400E106B7 /* LoginViewController.m in Sources */ = {isa = PBXBuildFile; fileRef = 00B523CB18876A4400E106B7 /* LoginViewController.m */; };
		00B524D91887B61B00E106B7 /* RegViewController.m in Sources */ = {isa = PBXBuildFile; fileRef = 00B524D81887B61B00E106B7 /* RegViewController.m */; };
		00B524DC1887B82B00E106B7 /* RegListViewController.m in Sources */ = {isa = PBXBuildFile; fileRef = 00B524DB1887B82B00E106B7 /* RegListViewController.m */; };
		00B524DE1887BFAE00E106B7 /* 15coupon.png in Resources */ = {isa = PBXBuildFile; fileRef = 00B524DD1887BFAE00E106B7 /* 15coupon.png */; };
		00B524E01887BFDD00E106B7 /* barcode.png in Resources */ = {isa = PBXBuildFile; fileRef = 00B524DF1887BFDD00E106B7 /* barcode.png */; };
		00B524E31887C0F600E106B7 /* CouponViewController.m in Sources */ = {isa = PBXBuildFile; fileRef = 00B524E21887C0F600E106B7 /* CouponViewController.m */; };
		00B524E61887CB3C00E106B7 /* HomepageViewController.m in Sources */ = {isa = PBXBuildFile; fileRef = 00B524E51887CB3C00E106B7 /* HomepageViewController.m */; };
		00B525EE1889154F00E106B7 /* CHTCollectionViewWaterfallLayout.m in Sources */ = {isa = PBXBuildFile; fileRef = 00B525EB1889154F00E106B7 /* CHTCollectionViewWaterfallLayout.m */; };
		00B525EF1889154F00E106B7 /* CHTCollectionViewWaterfallCell.m in Sources */ = {isa = PBXBuildFile; fileRef = 00B525ED1889154F00E106B7 /* CHTCollectionViewWaterfallCell.m */; };
/* End PBXBuildFile section */

/* Begin PBXContainerItemProxy section */
		00B5237418861CD200E106B7 /* PBXContainerItemProxy */ = {
			isa = PBXContainerItemProxy;
			containerPortal = 00B5234618861CD200E106B7 /* Project object */;
			proxyType = 1;
			remoteGlobalIDString = 00B5234D18861CD200E106B7;
			remoteInfo = Project;
		};
/* End PBXContainerItemProxy section */

/* Begin PBXFileReference section */
		00B5234E18861CD200E106B7 /* Project.app */ = {isa = PBXFileReference; explicitFileType = wrapper.application; includeInIndex = 0; path = Project.app; sourceTree = BUILT_PRODUCTS_DIR; };
		00B5235118861CD200E106B7 /* Foundation.framework */ = {isa = PBXFileReference; lastKnownFileType = wrapper.framework; name = Foundation.framework; path = System/Library/Frameworks/Foundation.framework; sourceTree = SDKROOT; };
		00B5235318861CD200E106B7 /* CoreGraphics.framework */ = {isa = PBXFileReference; lastKnownFileType = wrapper.framework; name = CoreGraphics.framework; path = System/Library/Frameworks/CoreGraphics.framework; sourceTree = SDKROOT; };
		00B5235518861CD200E106B7 /* UIKit.framework */ = {isa = PBXFileReference; lastKnownFileType = wrapper.framework; name = UIKit.framework; path = System/Library/Frameworks/UIKit.framework; sourceTree = SDKROOT; };
		00B5235918861CD200E106B7 /* Project-Info.plist */ = {isa = PBXFileReference; lastKnownFileType = text.plist.xml; path = "Project-Info.plist"; sourceTree = "<group>"; };
		00B5235B18861CD200E106B7 /* en */ = {isa = PBXFileReference; lastKnownFileType = text.plist.strings; name = en; path = en.lproj/InfoPlist.strings; sourceTree = "<group>"; };
		00B5235D18861CD200E106B7 /* main.m */ = {isa = PBXFileReference; lastKnownFileType = sourcecode.c.objc; path = main.m; sourceTree = "<group>"; };
		00B5235F18861CD200E106B7 /* Project-Prefix.pch */ = {isa = PBXFileReference; lastKnownFileType = sourcecode.c.h; path = "Project-Prefix.pch"; sourceTree = "<group>"; };
		00B5236018861CD200E106B7 /* AppDelegate.h */ = {isa = PBXFileReference; lastKnownFileType = sourcecode.c.h; path = AppDelegate.h; sourceTree = "<group>"; };
		00B5236118861CD200E106B7 /* AppDelegate.m */ = {isa = PBXFileReference; lastKnownFileType = sourcecode.c.objc; path = AppDelegate.m; sourceTree = "<group>"; };
		00B5236418861CD200E106B7 /* Base */ = {isa = PBXFileReference; lastKnownFileType = file.storyboard; name = Base; path = Base.lproj/Main.storyboard; sourceTree = "<group>"; };
		00B5236618861CD200E106B7 /* ViewController.h */ = {isa = PBXFileReference; lastKnownFileType = sourcecode.c.h; path = ViewController.h; sourceTree = "<group>"; };
		00B5236718861CD200E106B7 /* ViewController.m */ = {isa = PBXFileReference; lastKnownFileType = sourcecode.c.objc; path = ViewController.m; sourceTree = "<group>"; };
		00B5236918861CD200E106B7 /* Images.xcassets */ = {isa = PBXFileReference; lastKnownFileType = folder.assetcatalog; path = Images.xcassets; sourceTree = "<group>"; };
		00B5236F18861CD200E106B7 /* ProjectTests.xctest */ = {isa = PBXFileReference; explicitFileType = wrapper.cfbundle; includeInIndex = 0; path = ProjectTests.xctest; sourceTree = BUILT_PRODUCTS_DIR; };
		00B5237018861CD200E106B7 /* XCTest.framework */ = {isa = PBXFileReference; lastKnownFileType = wrapper.framework; name = XCTest.framework; path = Library/Frameworks/XCTest.framework; sourceTree = DEVELOPER_DIR; };
		00B5237818861CD200E106B7 /* ProjectTests-Info.plist */ = {isa = PBXFileReference; lastKnownFileType = text.plist.xml; path = "ProjectTests-Info.plist"; sourceTree = "<group>"; };
		00B5237A18861CD200E106B7 /* en */ = {isa = PBXFileReference; lastKnownFileType = text.plist.strings; name = en; path = en.lproj/InfoPlist.strings; sourceTree = "<group>"; };
		00B5237C18861CD200E106B7 /* ProjectTests.m */ = {isa = PBXFileReference; lastKnownFileType = sourcecode.c.objc; path = ProjectTests.m; sourceTree = "<group>"; };
		00B523CA18876A4400E106B7 /* LoginViewController.h */ = {isa = PBXFileReference; fileEncoding = 4; lastKnownFileType = sourcecode.c.h; path = LoginViewController.h; sourceTree = "<group>"; };
		00B523CB18876A4400E106B7 /* LoginViewController.m */ = {isa = PBXFileReference; fileEncoding = 4; lastKnownFileType = sourcecode.c.objc; path = LoginViewController.m; sourceTree = "<group>"; };
		00B524D71887B61B00E106B7 /* RegViewController.h */ = {isa = PBXFileReference; fileEncoding = 4; lastKnownFileType = sourcecode.c.h; path = RegViewController.h; sourceTree = "<group>"; };
		00B524D81887B61B00E106B7 /* RegViewController.m */ = {isa = PBXFileReference; fileEncoding = 4; lastKnownFileType = sourcecode.c.objc; path = RegViewController.m; sourceTree = "<group>"; };
		00B524DA1887B82B00E106B7 /* RegListViewController.h */ = {isa = PBXFileReference; fileEncoding = 4; lastKnownFileType = sourcecode.c.h; path = RegListViewController.h; sourceTree = "<group>"; };
		00B524DB1887B82B00E106B7 /* RegListViewController.m */ = {isa = PBXFileReference; fileEncoding = 4; lastKnownFileType = sourcecode.c.objc; path = RegListViewController.m; sourceTree = "<group>"; };
		00B524DD1887BFAE00E106B7 /* 15coupon.png */ = {isa = PBXFileReference; lastKnownFileType = image.png; name = 15coupon.png; path = ../../../../../Downloads/15coupon.png; sourceTree = "<group>"; };
		00B524DF1887BFDD00E106B7 /* barcode.png */ = {isa = PBXFileReference; lastKnownFileType = image.png; name = barcode.png; path = ../../../../../Downloads/barcode.png; sourceTree = "<group>"; };
		00B524E11887C0F600E106B7 /* CouponViewController.h */ = {isa = PBXFileReference; fileEncoding = 4; lastKnownFileType = sourcecode.c.h; path = CouponViewController.h; sourceTree = "<group>"; };
		00B524E21887C0F600E106B7 /* CouponViewController.m */ = {isa = PBXFileReference; fileEncoding = 4; lastKnownFileType = sourcecode.c.objc; path = CouponViewController.m; sourceTree = "<group>"; };
		00B524E41887CB3C00E106B7 /* HomepageViewController.h */ = {isa = PBXFileReference; fileEncoding = 4; lastKnownFileType = sourcecode.c.h; path = HomepageViewController.h; sourceTree = "<group>"; };
		00B524E51887CB3C00E106B7 /* HomepageViewController.m */ = {isa = PBXFileReference; fileEncoding = 4; lastKnownFileType = sourcecode.c.objc; path = HomepageViewController.m; sourceTree = "<group>"; };
		00B525EA1889154F00E106B7 /* CHTCollectionViewWaterfallLayout.h */ = {isa = PBXFileReference; fileEncoding = 4; lastKnownFileType = sourcecode.c.h; path = CHTCollectionViewWaterfallLayout.h; sourceTree = "<group>"; };
		00B525EB1889154F00E106B7 /* CHTCollectionViewWaterfallLayout.m */ = {isa = PBXFileReference; fileEncoding = 4; lastKnownFileType = sourcecode.c.objc; path = CHTCollectionViewWaterfallLayout.m; sourceTree = "<group>"; };
		00B525EC1889154F00E106B7 /* CHTCollectionViewWaterfallCell.h */ = {isa = PBXFileReference; fileEncoding = 4; lastKnownFileType = sourcecode.c.h; path = CHTCollectionViewWaterfallCell.h; sourceTree = "<group>"; };
		00B525ED1889154F00E106B7 /* CHTCollectionViewWaterfallCell.m */ = {isa = PBXFileReference; fileEncoding = 4; lastKnownFileType = sourcecode.c.objc; path = CHTCollectionViewWaterfallCell.m; sourceTree = "<group>"; };
/* End PBXFileReference section */

/* Begin PBXFrameworksBuildPhase section */
		00B5234B18861CD200E106B7 /* Frameworks */ = {
			isa = PBXFrameworksBuildPhase;
			buildActionMask = 2147483647;
			files = (
				00B5235418861CD200E106B7 /* CoreGraphics.framework in Frameworks */,
				00B5235618861CD200E106B7 /* UIKit.framework in Frameworks */,
				00B5235218861CD200E106B7 /* Foundation.framework in Frameworks */,
			);
			runOnlyForDeploymentPostprocessing = 0;
		};
		00B5236C18861CD200E106B7 /* Frameworks */ = {
			isa = PBXFrameworksBuildPhase;
			buildActionMask = 2147483647;
			files = (
				00B5237118861CD200E106B7 /* XCTest.framework in Frameworks */,
				00B5237318861CD200E106B7 /* UIKit.framework in Frameworks */,
				00B5237218861CD200E106B7 /* Foundation.framework in Frameworks */,
			);
			runOnlyForDeploymentPostprocessing = 0;
		};
/* End PBXFrameworksBuildPhase section */

/* Begin PBXGroup section */
		00B5234518861CD200E106B7 = {
			isa = PBXGroup;
			children = (
				00B525E81889151900E106B7 /* New Group */,
				00B5237618861CD200E106B7 /* ProjectTests */,
				00B5235018861CD200E106B7 /* Frameworks */,
				00B5234F18861CD200E106B7 /* Products */,
			);
			sourceTree = "<group>";
		};
		00B5234F18861CD200E106B7 /* Products */ = {
			isa = PBXGroup;
			children = (
				00B5234E18861CD200E106B7 /* Project.app */,
				00B5236F18861CD200E106B7 /* ProjectTests.xctest */,
			);
			name = Products;
			sourceTree = "<group>";
		};
		00B5235018861CD200E106B7 /* Frameworks */ = {
			isa = PBXGroup;
			children = (
				00B5235118861CD200E106B7 /* Foundation.framework */,
				00B5235318861CD200E106B7 /* CoreGraphics.framework */,
				00B5235518861CD200E106B7 /* UIKit.framework */,
				00B5237018861CD200E106B7 /* XCTest.framework */,
			);
			name = Frameworks;
			sourceTree = "<group>";
		};
		00B5235718861CD200E106B7 /* Project */ = {
			isa = PBXGroup;
			children = (
				00B524DF1887BFDD00E106B7 /* barcode.png */,
				00B525E91889152F00E106B7 /* RegView_sub */,
				00B5236018861CD200E106B7 /* AppDelegate.h */,
				00B5236118861CD200E106B7 /* AppDelegate.m */,
				00B5236318861CD200E106B7 /* Main.storyboard */,
				00B5236618861CD200E106B7 /* ViewController.h */,
				00B5236718861CD200E106B7 /* ViewController.m */,
				00B5236918861CD200E106B7 /* Images.xcassets */,
				00B5235818861CD200E106B7 /* Supporting Files */,
				00B523CA18876A4400E106B7 /* LoginViewController.h */,
				00B523CB18876A4400E106B7 /* LoginViewController.m */,
				00B524D71887B61B00E106B7 /* RegViewController.h */,
				00B524D81887B61B00E106B7 /* RegViewController.m */,
				00B524DA1887B82B00E106B7 /* RegListViewController.h */,
				00B524DB1887B82B00E106B7 /* RegListViewController.m */,
				00B524E11887C0F600E106B7 /* CouponViewController.h */,
				00B524E21887C0F600E106B7 /* CouponViewController.m */,
				00B524E41887CB3C00E106B7 /* HomepageViewController.h */,
				00B524E51887CB3C00E106B7 /* HomepageViewController.m */,
			);
			path = Project;
			sourceTree = "<group>";
		};
		00B5235818861CD200E106B7 /* Supporting Files */ = {
			isa = PBXGroup;
			children = (
				00B5235918861CD200E106B7 /* Project-Info.plist */,
				00B5235A18861CD200E106B7 /* InfoPlist.strings */,
				00B5235D18861CD200E106B7 /* main.m */,
				00B5235F18861CD200E106B7 /* Project-Prefix.pch */,
			);
			name = "Supporting Files";
			sourceTree = "<group>";
		};
		00B5237618861CD200E106B7 /* ProjectTests */ = {
			isa = PBXGroup;
			children = (
				00B5237C18861CD200E106B7 /* ProjectTests.m */,
				00B5237718861CD200E106B7 /* Supporting Files */,
			);
			path = ProjectTests;
			sourceTree = "<group>";
		};
		00B5237718861CD200E106B7 /* Supporting Files */ = {
			isa = PBXGroup;
			children = (
				00B5237818861CD200E106B7 /* ProjectTests-Info.plist */,
				00B5237918861CD200E106B7 /* InfoPlist.strings */,
			);
			name = "Supporting Files";
			sourceTree = "<group>";
		};
		00B525E81889151900E106B7 /* New Group */ = {
			isa = PBXGroup;
			children = (
				00B5235718861CD200E106B7 /* Project */,
			);
			name = "New Group";
			sourceTree = "<group>";
		};
		00B525E91889152F00E106B7 /* RegView_sub */ = {
			isa = PBXGroup;
			children = (
				00B525EA1889154F00E106B7 /* CHTCollectionViewWaterfallLayout.h */,
				00B525EB1889154F00E106B7 /* CHTCollectionViewWaterfallLayout.m */,
				00B525EC1889154F00E106B7 /* CHTCollectionViewWaterfallCell.h */,
				00B525ED1889154F00E106B7 /* CHTCollectionViewWaterfallCell.m */,
				00B524DD1887BFAE00E106B7 /* 15coupon.png */,
			);
			name = RegView_sub;
			sourceTree = "<group>";
		};
/* End PBXGroup section */

/* Begin PBXNativeTarget section */
		00B5234D18861CD200E106B7 /* Project */ = {
			isa = PBXNativeTarget;
			buildConfigurationList = 00B5238018861CD200E106B7 /* Build configuration list for PBXNativeTarget "Project" */;
			buildPhases = (
				00B5234A18861CD200E106B7 /* Sources */,
				00B5234B18861CD200E106B7 /* Frameworks */,
				00B5234C18861CD200E106B7 /* Resources */,
			);
			buildRules = (
			);
			dependencies = (
			);
			name = Project;
			productName = Project;
			productReference = 00B5234E18861CD200E106B7 /* Project.app */;
			productType = "com.apple.product-type.application";
		};
		00B5236E18861CD200E106B7 /* ProjectTests */ = {
			isa = PBXNativeTarget;
			buildConfigurationList = 00B5238318861CD200E106B7 /* Build configuration list for PBXNativeTarget "ProjectTests" */;
			buildPhases = (
				00B5236B18861CD200E106B7 /* Sources */,
				00B5236C18861CD200E106B7 /* Frameworks */,
				00B5236D18861CD200E106B7 /* Resources */,
			);
			buildRules = (
			);
			dependencies = (
				00B5237518861CD200E106B7 /* PBXTargetDependency */,
			);
			name = ProjectTests;
			productName = ProjectTests;
			productReference = 00B5236F18861CD200E106B7 /* ProjectTests.xctest */;
			productType = "com.apple.product-type.bundle.unit-test";
		};
/* End PBXNativeTarget section */

/* Begin PBXProject section */
		00B5234618861CD200E106B7 /* Project object */ = {
			isa = PBXProject;
			attributes = {
				LastUpgradeCheck = 0500;
				ORGANIZATIONNAME = "SDT-1";
				TargetAttributes = {
					00B5236E18861CD200E106B7 = {
						TestTargetID = 00B5234D18861CD200E106B7;
					};
				};
			};
			buildConfigurationList = 00B5234918861CD200E106B7 /* Build configuration list for PBXProject "Project" */;
			compatibilityVersion = "Xcode 3.2";
			developmentRegion = English;
			hasScannedForEncodings = 0;
			knownRegions = (
				en,
				Base,
			);
			mainGroup = 00B5234518861CD200E106B7;
			productRefGroup = 00B5234F18861CD200E106B7 /* Products */;
			projectDirPath = "";
			projectRoot = "";
			targets = (
				00B5234D18861CD200E106B7 /* Project */,
				00B5236E18861CD200E106B7 /* ProjectTests */,
			);
		};
/* End PBXProject section */

/* Begin PBXResourcesBuildPhase section */
		00B5234C18861CD200E106B7 /* Resources */ = {
			isa = PBXResourcesBuildPhase;
			buildActionMask = 2147483647;
			files = (
				00B5236A18861CD200E106B7 /* Images.xcassets in Resources */,
				00B524DE1887BFAE00E106B7 /* 15coupon.png in Resources */,
				00B524E01887BFDD00E106B7 /* barcode.png in Resources */,
				00B5235C18861CD200E106B7 /* InfoPlist.strings in Resources */,
				00B5236518861CD200E106B7 /* Main.storyboard in Resources */,
			);
			runOnlyForDeploymentPostprocessing = 0;
		};
		00B5236D18861CD200E106B7 /* Resources */ = {
			isa = PBXResourcesBuildPhase;
			buildActionMask = 2147483647;
			files = (
				00B5237B18861CD200E106B7 /* InfoPlist.strings in Resources */,
			);
			runOnlyForDeploymentPostprocessing = 0;
		};
/* End PBXResourcesBuildPhase section */

/* Begin PBXSourcesBuildPhase section */
		00B5234A18861CD200E106B7 /* Sources */ = {
			isa = PBXSourcesBuildPhase;
			buildActionMask = 2147483647;
			files = (
				00B524E61887CB3C00E106B7 /* HomepageViewController.m in Sources */,
				00B525EE1889154F00E106B7 /* CHTCollectionViewWaterfallLayout.m in Sources */,
				00B523CC18876A4400E106B7 /* LoginViewController.m in Sources */,
				00B5236818861CD200E106B7 /* ViewController.m in Sources */,
				00B5236218861CD200E106B7 /* AppDelegate.m in Sources */,
				00B524DC1887B82B00E106B7 /* RegListViewController.m in Sources */,
				00B525EF1889154F00E106B7 /* CHTCollectionViewWaterfallCell.m in Sources */,
				00B524D91887B61B00E106B7 /* RegViewController.m in Sources */,
				00B524E31887C0F600E106B7 /* CouponViewController.m in Sources */,
				00B5235E18861CD200E106B7 /* main.m in Sources */,
			);
			runOnlyForDeploymentPostprocessing = 0;
		};
		00B5236B18861CD200E106B7 /* Sources */ = {
			isa = PBXSourcesBuildPhase;
			buildActionMask = 2147483647;
			files = (
				00B5237D18861CD200E106B7 /* ProjectTests.m in Sources */,
			);
			runOnlyForDeploymentPostprocessing = 0;
		};
/* End PBXSourcesBuildPhase section */

/* Begin PBXTargetDependency section */
		00B5237518861CD200E106B7 /* PBXTargetDependency */ = {
			isa = PBXTargetDependency;
			target = 00B5234D18861CD200E106B7 /* Project */;
			targetProxy = 00B5237418861CD200E106B7 /* PBXContainerItemProxy */;
		};
/* End PBXTargetDependency section */

/* Begin PBXVariantGroup section */
		00B5235A18861CD200E106B7 /* InfoPlist.strings */ = {
			isa = PBXVariantGroup;
			children = (
				00B5235B18861CD200E106B7 /* en */,
			);
			name = InfoPlist.strings;
			sourceTree = "<group>";
		};
		00B5236318861CD200E106B7 /* Main.storyboard */ = {
			isa = PBXVariantGroup;
			children = (
				00B5236418861CD200E106B7 /* Base */,
			);
			name = Main.storyboard;
			sourceTree = "<group>";
		};
		00B5237918861CD200E106B7 /* InfoPlist.strings */ = {
			isa = PBXVariantGroup;
			children = (
				00B5237A18861CD200E106B7 /* en */,
			);
			name = InfoPlist.strings;
			sourceTree = "<group>";
		};
/* End PBXVariantGroup section */

/* Begin XCBuildConfiguration section */
		00B5237E18861CD200E106B7 /* Debug */ = {
			isa = XCBuildConfiguration;
			buildSettings = {
				ALWAYS_SEARCH_USER_PATHS = NO;
				ARCHS = "$(ARCHS_STANDARD_INCLUDING_64_BIT)";
				CLANG_CXX_LANGUAGE_STANDARD = "gnu++0x";
				CLANG_CXX_LIBRARY = "libc++";
				CLANG_ENABLE_MODULES = YES;
				CLANG_ENABLE_OBJC_ARC = YES;
				CLANG_WARN_BOOL_CONVERSION = YES;
				CLANG_WARN_CONSTANT_CONVERSION = YES;
				CLANG_WARN_DIRECT_OBJC_ISA_USAGE = YES_ERROR;
				CLANG_WARN_EMPTY_BODY = YES;
				CLANG_WARN_ENUM_CONVERSION = YES;
				CLANG_WARN_INT_CONVERSION = YES;
				CLANG_WARN_OBJC_ROOT_CLASS = YES_ERROR;
				CLANG_WARN__DUPLICATE_METHOD_MATCH = YES;
				"CODE_SIGN_IDENTITY[sdk=iphoneos*]" = "iPhone Developer";
				COPY_PHASE_STRIP = NO;
				GCC_C_LANGUAGE_STANDARD = gnu99;
				GCC_DYNAMIC_NO_PIC = NO;
				GCC_OPTIMIZATION_LEVEL = 0;
				GCC_PREPROCESSOR_DEFINITIONS = (
					"DEBUG=1",
					"$(inherited)",
				);
				GCC_SYMBOLS_PRIVATE_EXTERN = NO;
				GCC_WARN_64_TO_32_BIT_CONVERSION = YES;
				GCC_WARN_ABOUT_RETURN_TYPE = YES_ERROR;
				GCC_WARN_UNDECLARED_SELECTOR = YES;
				GCC_WARN_UNINITIALIZED_AUTOS = YES;
				GCC_WARN_UNUSED_FUNCTION = YES;
				GCC_WARN_UNUSED_VARIABLE = YES;
				IPHONEOS_DEPLOYMENT_TARGET = 7.0;
				ONLY_ACTIVE_ARCH = YES;
				SDKROOT = iphoneos;
			};
			name = Debug;
		};
		00B5237F18861CD200E106B7 /* Release */ = {
			isa = XCBuildConfiguration;
			buildSettings = {
				ALWAYS_SEARCH_USER_PATHS = NO;
				ARCHS = "$(ARCHS_STANDARD_INCLUDING_64_BIT)";
				CLANG_CXX_LANGUAGE_STANDARD = "gnu++0x";
				CLANG_CXX_LIBRARY = "libc++";
				CLANG_ENABLE_MODULES = YES;
				CLANG_ENABLE_OBJC_ARC = YES;
				CLANG_WARN_BOOL_CONVERSION = YES;
				CLANG_WARN_CONSTANT_CONVERSION = YES;
				CLANG_WARN_DIRECT_OBJC_ISA_USAGE = YES_ERROR;
				CLANG_WARN_EMPTY_BODY = YES;
				CLANG_WARN_ENUM_CONVERSION = YES;
				CLANG_WARN_INT_CONVERSION = YES;
				CLANG_WARN_OBJC_ROOT_CLASS = YES_ERROR;
				CLANG_WARN__DUPLICATE_METHOD_MATCH = YES;
				"CODE_SIGN_IDENTITY[sdk=iphoneos*]" = "iPhone Developer";
				COPY_PHASE_STRIP = YES;
				ENABLE_NS_ASSERTIONS = NO;
				GCC_C_LANGUAGE_STANDARD = gnu99;
				GCC_WARN_64_TO_32_BIT_CONVERSION = YES;
				GCC_WARN_ABOUT_RETURN_TYPE = YES_ERROR;
				GCC_WARN_UNDECLARED_SELECTOR = YES;
				GCC_WARN_UNINITIALIZED_AUTOS = YES;
				GCC_WARN_UNUSED_FUNCTION = YES;
				GCC_WARN_UNUSED_VARIABLE = YES;
				IPHONEOS_DEPLOYMENT_TARGET = 7.0;
				SDKROOT = iphoneos;
				VALIDATE_PRODUCT = YES;
			};
			name = Release;
		};
		00B5238118861CD200E106B7 /* Debug */ = {
			isa = XCBuildConfiguration;
			buildSettings = {
				ASSETCATALOG_COMPILER_APPICON_NAME = AppIcon;
				ASSETCATALOG_COMPILER_LAUNCHIMAGE_NAME = LaunchImage;
				GCC_PRECOMPILE_PREFIX_HEADER = YES;
				GCC_PREFIX_HEADER = "Project/Project-Prefix.pch";
				INFOPLIST_FILE = "Project/Project-Info.plist";
				PRODUCT_NAME = "$(TARGET_NAME)";
				WRAPPER_EXTENSION = app;
			};
			name = Debug;
		};
		00B5238218861CD200E106B7 /* Release */ = {
			isa = XCBuildConfiguration;
			buildSettings = {
				ASSETCATALOG_COMPILER_APPICON_NAME = AppIcon;
				ASSETCATALOG_COMPILER_LAUNCHIMAGE_NAME = LaunchImage;
				GCC_PRECOMPILE_PREFIX_HEADER = YES;
				GCC_PREFIX_HEADER = "Project/Project-Prefix.pch";
				INFOPLIST_FILE = "Project/Project-Info.plist";
				PRODUCT_NAME = "$(TARGET_NAME)";
				WRAPPER_EXTENSION = app;
			};
			name = Release;
		};
		00B5238418861CD200E106B7 /* Debug */ = {
			isa = XCBuildConfiguration;
			buildSettings = {
				ARCHS = "$(ARCHS_STANDARD_INCLUDING_64_BIT)";
				BUNDLE_LOADER = "$(BUILT_PRODUCTS_DIR)/Project.app/Project";
				FRAMEWORK_SEARCH_PATHS = (
					"$(SDKROOT)/Developer/Library/Frameworks",
					"$(inherited)",
					"$(DEVELOPER_FRAMEWORKS_DIR)",
				);
				GCC_PRECOMPILE_PREFIX_HEADER = YES;
				GCC_PREFIX_HEADER = "Project/Project-Prefix.pch";
				GCC_PREPROCESSOR_DEFINITIONS = (
					"DEBUG=1",
					"$(inherited)",
				);
				INFOPLIST_FILE = "ProjectTests/ProjectTests-Info.plist";
				PRODUCT_NAME = "$(TARGET_NAME)";
				TEST_HOST = "$(BUNDLE_LOADER)";
				WRAPPER_EXTENSION = xctest;
			};
			name = Debug;
		};
		00B5238518861CD200E106B7 /* Release */ = {
			isa = XCBuildConfiguration;
			buildSettings = {
				ARCHS = "$(ARCHS_STANDARD_INCLUDING_64_BIT)";
				BUNDLE_LOADER = "$(BUILT_PRODUCTS_DIR)/Project.app/Project";
				FRAMEWORK_SEARCH_PATHS = (
					"$(SDKROOT)/Developer/Library/Frameworks",
					"$(inherited)",
					"$(DEVELOPER_FRAMEWORKS_DIR)",
				);
				GCC_PRECOMPILE_PREFIX_HEADER = YES;
				GCC_PREFIX_HEADER = "Project/Project-Prefix.pch";
				INFOPLIST_FILE = "ProjectTests/ProjectTests-Info.plist";
				PRODUCT_NAME = "$(TARGET_NAME)";
				TEST_HOST = "$(BUNDLE_LOADER)";
				WRAPPER_EXTENSION = xctest;
			};
			name = Release;
		};
/* End XCBuildConfiguration section */

/* Begin XCConfigurationList section */
		00B5234918861CD200E106B7 /* Build configuration list for PBXProject "Project" */ = {
			isa = XCConfigurationList;
			buildConfigurations = (
				00B5237E18861CD200E106B7 /* Debug */,
				00B5237F18861CD200E106B7 /* Release */,
			);
			defaultConfigurationIsVisible = 0;
			defaultConfigurationName = Release;
		};
		00B5238018861CD200E106B7 /* Build configuration list for PBXNativeTarget "Project" */ = {
			isa = XCConfigurationList;
			buildConfigurations = (
				00B5238118861CD200E106B7 /* Debug */,
				00B5238218861CD200E106B7 /* Release */,
			);
			defaultConfigurationIsVisible = 0;
			defaultConfigurationName = Release;
		};
		00B5238318861CD200E106B7 /* Build configuration list for PBXNativeTarget "ProjectTests" */ = {
			isa = XCConfigurationList;
			buildConfigurations = (
				00B5238418861CD200E106B7 /* Debug */,
				00B5238518861CD200E106B7 /* Release */,
			);
			defaultConfigurationIsVisible = 0;
			defaultConfigurationName = Release;
		};
/* End XCConfigurationList section */
	};
	rootObject = 00B5234618861CD200E106B7 /* Project object */;
}
